Microsoft Visual Studio Solution File, Format Version 12.00
# Visual Studio Version 17
VisualStudioVersion = 17.5.2.0
MinimumVisualStudioVersion = 10.0.40219.1
Project("{FAE04EC0-301F-11D3-BF4B-00C04F79EFBC}") = "lab-4-madlibs-1-Ajabren", "lab-4-madlibs-1-Ajabren.csproj", "{0726F291-F42E-D0DF-17F0-97F46C1569F7}"
EndProject
Global
	GlobalSection(SolutionConfigurationPlatforms) = preSolution
		Debug|Any CPU = Debug|Any CPU
		Release|Any CPU = Release|Any CPU
	EndGlobalSection
	GlobalSection(ProjectConfigurationPlatforms) = postSolution
		{0726F291-F42E-D0DF-17F0-97F46C1569F7}.Debug|Any CPU.ActiveCfg = Debug|Any CPU
		{0726F291-F42E-D0DF-17F0-97F46C1569F7}.Debug|Any CPU.Build.0 = Debug|Any CPU
		{0726F291-F42E-D0DF-17F0-97F46C1569F7}.Release|Any CPU.ActiveCfg = Release|Any CPU
		{0726F291-F42E-D0DF-17F0-97F46C1569F7}.Release|Any CPU.Build.0 = Release|Any CPU
	EndGlobalSection
	GlobalSection(SolutionProperties) = preSolution
		HideSolutionNode = FALSE
	EndGlobalSection
	GlobalSection(ExtensibilityGlobals) = postSolution
		SolutionGuid = {A8E8F895-EA77-4CC9-A7D2-4EA039BC29E7}
	EndGlobalSection
EndGlobal
